PODS:
  - Flutter (1.0.0)
  - flutter_full_pdf_viewer (1.0.1):
    - Flutter
  - flutter_html_to_pdf (0.0.1):
    - Flutter
  - FMDB (2.7.5):
    - FMDB/standard (= 2.7.5)
  - FMDB/standard (2.7.5)
  - path_provider (0.0.1):
    - Flutter
  - share_extend (0.0.1):
    - Flutter
  - sqflite (0.0.1):
    - Flutter
    - FMDB (~> 2.7.2)

DEPENDENCIES:
  - Flutter (from `Flutter`)
  - flutter_full_pdf_viewer (from `.symlinks/plugins/flutter_full_pdf_viewer/ios`)
  - flutter_html_to_pdf (from `.symlinks/plugins/flutter_html_to_pdf/ios`)
  - path_provider (from `.symlinks/plugins/path_provider/ios`)
  - share_extend (from `.symlinks/plugins/share_extend/ios`)
  - sqflite (from `.symlinks/plugins/sqflite/ios`)

SPEC REPOS:
  trunk:
    - FMDB

EXTERNAL SOURCES:
  Flutter:
    :path: Flutter
  flutter_full_pdf_viewer:
    :path: ".symlinks/plugins/flutter_full_pdf_viewer/ios"
  flutter_html_to_pdf:
    :path: ".symlinks/plugins/flutter_html_to_pdf/ios"
  path_provider:
    :path: ".symlinks/plugins/path_provider/ios"
  share_extend:
    :path: ".symlinks/plugins/share_extend/ios"
  sqflite:
    :path: ".symlinks/plugins/sqflite/ios"

SPEC CHECKSUMS:
  Flutter: 0e3d915762c693b495b44d77113d4970485de6ec
  flutter_full_pdf_viewer: 1b65139fc3236cde300ba6bea2a72669cb07f2e6
  flutter_html_to_pdf: 0fd9f8d04f335d68b06a7c4ab5fc85d22e1ef91b
  FMDB: 2ce00b547f966261cd18927a3ddb07cb6f3db82a
  path_provider: f96fff6166a8867510d2c25fdcc346327cc4b259
  share_extend: b6748dc53695587891126a89533b862b92548c7b
  sqflite: 4001a31ff81d210346b500c55b17f4d6c7589dd0

PODFILE CHECKSUM: c34e2287a9ccaa606aeceab922830efb9a6ff69a

COCOAPODS: 1.9.1
